
Microsoft Visual Studio Solution File, Format Version 12.00
# Visual Studio Version 17
VisualStudioVersion = 17.2.32516.85
MinimumVisualStudioVersion = 10.0.40219.1
Project("{FAE04EC0-301F-11D3-BF4B-00C04F79EFBC}") = "WebAppl_DB_L30_03212023_Chkbx_Edit_LoginPage", "WebAppl_DB_L30_03212023_Chkbx_Edit_LoginPage\WebAppl_DB_L30_03212023_Chkbx_Edit_LoginPage.csproj", "{7F6A1C63-1AD3-4014-B6E8-A9098487E494}"
EndProject
Global
	GlobalSection(SolutionConfigurationPlatforms) = preSolution
		Debug|Any CPU = Debug|Any CPU
		Release|Any CPU = Release|Any CPU
	EndGlobalSection
	GlobalSection(ProjectConfigurationPlatforms) = postSolution
		{7F6A1C63-1AD3-4014-B6E8-A9098487E494}.Debug|Any CPU.ActiveCfg = Debug|Any CPU
		{7F6A1C63-1AD3-4014-B6E8-A9098487E494}.Debug|Any CPU.Build.0 = Debug|Any CPU
		{7F6A1C63-1AD3-4014-B6E8-A9098487E494}.Release|Any CPU.ActiveCfg = Release|Any CPU
		{7F6A1C63-1AD3-4014-B6E8-A9098487E494}.Release|Any CPU.Build.0 = Release|Any CPU
	EndGlobalSection
	GlobalSection(SolutionProperties) = preSolution
		HideSolutionNode = FALSE
	EndGlobalSection
	GlobalSection(ExtensibilityGlobals) = postSolution
		SolutionGuid = {5DCF5B75-6DF7-4136-BFE9-1768F06EE708}
	EndGlobalSection
EndGlobal
