
Microsoft Visual Studio Solution File, Format Version 12.00
# Visual Studio Version 17
VisualStudioVersion = 17.2.32516.85
MinimumVisualStudioVersion = 10.0.40219.1
Project("{FAE04EC0-301F-11D3-BF4B-00C04F79EFBC}") = "WebAppl_DB_L23_1_03012023_Master_Page_2", "WebAppl_DB_L23_1_03012023_Master_Page_2\WebAppl_DB_L23_1_03012023_Master_Page_2.csproj", "{A6653F50-8422-490B-8213-7562FA7FEC11}"
EndProject
Global
	GlobalSection(SolutionConfigurationPlatforms) = preSolution
		Debug|Any CPU = Debug|Any CPU
		Release|Any CPU = Release|Any CPU
	EndGlobalSection
	GlobalSection(ProjectConfigurationPlatforms) = postSolution
		{A6653F50-8422-490B-8213-7562FA7FEC11}.Debug|Any CPU.ActiveCfg = Debug|Any CPU
		{A6653F50-8422-490B-8213-7562FA7FEC11}.Debug|Any CPU.Build.0 = Debug|Any CPU
		{A6653F50-8422-490B-8213-7562FA7FEC11}.Release|Any CPU.ActiveCfg = Release|Any CPU
		{A6653F50-8422-490B-8213-7562FA7FEC11}.Release|Any CPU.Build.0 = Release|Any CPU
	EndGlobalSection
	GlobalSection(SolutionProperties) = preSolution
		HideSolutionNode = FALSE
	EndGlobalSection
	GlobalSection(ExtensibilityGlobals) = postSolution
		SolutionGuid = {49A7D61D-B842-467B-A3CF-B5712BA497E9}
	EndGlobalSection
EndGlobal
