
Microsoft Visual Studio Solution File, Format Version 12.00
# Visual Studio Version 17
VisualStudioVersion = 17.2.32516.85
MinimumVisualStudioVersion = 10.0.40219.1
Project("{FAE04EC0-301F-11D3-BF4B-00C04F79EFBC}") = "WebAppL_DB_L26_Diff_Page_GV_Master", "WebAppL_DB_L26_Diff_Page_GV_Master\WebAppL_DB_L26_Diff_Page_GV_Master.csproj", "{F49C83A9-F2A3-45E4-9C09-00861E555D11}"
EndProject
Global
	GlobalSection(SolutionConfigurationPlatforms) = preSolution
		Debug|Any CPU = Debug|Any CPU
		Release|Any CPU = Release|Any CPU
	EndGlobalSection
	GlobalSection(ProjectConfigurationPlatforms) = postSolution
		{F49C83A9-F2A3-45E4-9C09-00861E555D11}.Debug|Any CPU.ActiveCfg = Debug|Any CPU
		{F49C83A9-F2A3-45E4-9C09-00861E555D11}.Debug|Any CPU.Build.0 = Debug|Any CPU
		{F49C83A9-F2A3-45E4-9C09-00861E555D11}.Release|Any CPU.ActiveCfg = Release|Any CPU
		{F49C83A9-F2A3-45E4-9C09-00861E555D11}.Release|Any CPU.Build.0 = Release|Any CPU
	EndGlobalSection
	GlobalSection(SolutionProperties) = preSolution
		HideSolutionNode = FALSE
	EndGlobalSection
	GlobalSection(ExtensibilityGlobals) = postSolution
		SolutionGuid = {D1D8ED39-81C8-479B-AC35-5CA9E8CBD99C}
	EndGlobalSection
EndGlobal
