
Microsoft Visual Studio Solution File, Format Version 12.00
# Visual Studio Version 17
VisualStudioVersion = 17.2.32516.85
MinimumVisualStudioVersion = 10.0.40219.1
Project("{FAE04EC0-301F-11D3-BF4B-00C04F79EFBC}") = "WebAppl_DB_L23_1280223_Master_Page", "WebAppl_DB_L23_1280223_Master_Page\WebAppl_DB_L23_1280223_Master_Page.csproj", "{1C0248A6-86D9-45BE-8682-0755F4F39780}"
EndProject
Global
	GlobalSection(SolutionConfigurationPlatforms) = preSolution
		Debug|Any CPU = Debug|Any CPU
		Release|Any CPU = Release|Any CPU
	EndGlobalSection
	GlobalSection(ProjectConfigurationPlatforms) = postSolution
		{1C0248A6-86D9-45BE-8682-0755F4F39780}.Debug|Any CPU.ActiveCfg = Debug|Any CPU
		{1C0248A6-86D9-45BE-8682-0755F4F39780}.Debug|Any CPU.Build.0 = Debug|Any CPU
		{1C0248A6-86D9-45BE-8682-0755F4F39780}.Release|Any CPU.ActiveCfg = Release|Any CPU
		{1C0248A6-86D9-45BE-8682-0755F4F39780}.Release|Any CPU.Build.0 = Release|Any CPU
	EndGlobalSection
	GlobalSection(SolutionProperties) = preSolution
		HideSolutionNode = FALSE
	EndGlobalSection
	GlobalSection(ExtensibilityGlobals) = postSolution
		SolutionGuid = {81EB50EA-84C6-414D-9EF2-66C6F5573503}
	EndGlobalSection
EndGlobal
