
Microsoft Visual Studio Solution File, Format Version 12.00
# Visual Studio Version 17
VisualStudioVersion = 17.2.32516.85
MinimumVisualStudioVersion = 10.0.40219.1
Project("{FAE04EC0-301F-11D3-BF4B-00C04F79EFBC}") = "WebAppl_DB_L5_140922", "WebAppl_DB_L5_140922\WebAppl_DB_L5_140922.csproj", "{92C1F051-A01C-4612-9881-18E61FFC497C}"
EndProject
Global
	GlobalSection(SolutionConfigurationPlatforms) = preSolution
		Debug|Any CPU = Debug|Any CPU
		Release|Any CPU = Release|Any CPU
	EndGlobalSection
	GlobalSection(ProjectConfigurationPlatforms) = postSolution
		{92C1F051-A01C-4612-9881-18E61FFC497C}.Debug|Any CPU.ActiveCfg = Debug|Any CPU
		{92C1F051-A01C-4612-9881-18E61FFC497C}.Debug|Any CPU.Build.0 = Debug|Any CPU
		{92C1F051-A01C-4612-9881-18E61FFC497C}.Release|Any CPU.ActiveCfg = Release|Any CPU
		{92C1F051-A01C-4612-9881-18E61FFC497C}.Release|Any CPU.Build.0 = Release|Any CPU
	EndGlobalSection
	GlobalSection(SolutionProperties) = preSolution
		HideSolutionNode = FALSE
	EndGlobalSection
	GlobalSection(ExtensibilityGlobals) = postSolution
		SolutionGuid = {CEA65714-F37B-42F2-B893-3832EE6EDCE2}
	EndGlobalSection
EndGlobal
