
Microsoft Visual Studio Solution File, Format Version 12.00
# Visual Studio Version 17
VisualStudioVersion = 17.2.32516.85
MinimumVisualStudioVersion = 10.0.40219.1
Project("{FAE04EC0-301F-11D3-BF4B-00C04F79EFBC}") = "WebAppl_DB_L23_E_03022023_Master_JS_GV_Del", "WebAppl_DB_L23_E_03022023_Master_JS_GV_Del\WebAppl_DB_L23_E_03022023_Master_JS_GV_Del.csproj", "{F609A537-0A7E-4ED3-9076-FDD98EC36EBC}"
EndProject
Global
	GlobalSection(SolutionConfigurationPlatforms) = preSolution
		Debug|Any CPU = Debug|Any CPU
		Release|Any CPU = Release|Any CPU
	EndGlobalSection
	GlobalSection(ProjectConfigurationPlatforms) = postSolution
		{F609A537-0A7E-4ED3-9076-FDD98EC36EBC}.Debug|Any CPU.ActiveCfg = Debug|Any CPU
		{F609A537-0A7E-4ED3-9076-FDD98EC36EBC}.Debug|Any CPU.Build.0 = Debug|Any CPU
		{F609A537-0A7E-4ED3-9076-FDD98EC36EBC}.Release|Any CPU.ActiveCfg = Release|Any CPU
		{F609A537-0A7E-4ED3-9076-FDD98EC36EBC}.Release|Any CPU.Build.0 = Release|Any CPU
	EndGlobalSection
	GlobalSection(SolutionProperties) = preSolution
		HideSolutionNode = FALSE
	EndGlobalSection
	GlobalSection(ExtensibilityGlobals) = postSolution
		SolutionGuid = {019A8C41-3B86-45A7-AD26-CB7A01A4AF29}
	EndGlobalSection
EndGlobal
