
Microsoft Visual Studio Solution File, Format Version 12.00
# Visual Studio Version 17
VisualStudioVersion = 17.2.32516.85
MinimumVisualStudioVersion = 10.0.40219.1
Project("{FAE04EC0-301F-11D3-BF4B-00C04F79EFBC}") = "WebAppl_DB_14_01052023", "WebAppl_DB_14_01052023\WebAppl_DB_14_01052023.csproj", "{5FCA0152-189A-47FF-8C90-3A43D07216A0}"
EndProject
Global
	GlobalSection(SolutionConfigurationPlatforms) = preSolution
		Debug|Any CPU = Debug|Any CPU
		Release|Any CPU = Release|Any CPU
	EndGlobalSection
	GlobalSection(ProjectConfigurationPlatforms) = postSolution
		{5FCA0152-189A-47FF-8C90-3A43D07216A0}.Debug|Any CPU.ActiveCfg = Debug|Any CPU
		{5FCA0152-189A-47FF-8C90-3A43D07216A0}.Debug|Any CPU.Build.0 = Debug|Any CPU
		{5FCA0152-189A-47FF-8C90-3A43D07216A0}.Release|Any CPU.ActiveCfg = Release|Any CPU
		{5FCA0152-189A-47FF-8C90-3A43D07216A0}.Release|Any CPU.Build.0 = Release|Any CPU
	EndGlobalSection
	GlobalSection(SolutionProperties) = preSolution
		HideSolutionNode = FALSE
	EndGlobalSection
	GlobalSection(ExtensibilityGlobals) = postSolution
		SolutionGuid = {FAC96FEB-D38E-4CB2-83B8-90EBFD1A3C83}
	EndGlobalSection
EndGlobal
