
Microsoft Visual Studio Solution File, Format Version 12.00
# Visual Studio Version 17
VisualStudioVersion = 17.2.32516.85
MinimumVisualStudioVersion = 10.0.40219.1
Project("{FAE04EC0-301F-11D3-BF4B-00C04F79EFBC}") = "WebAppl_DB_L19_01092023", "WebAppl_DB_L19_01092023\WebAppl_DB_L19_01092023.csproj", "{652E69B7-EC05-4875-8B16-8992620CCD83}"
EndProject
Global
	GlobalSection(SolutionConfigurationPlatforms) = preSolution
		Debug|Any CPU = Debug|Any CPU
		Release|Any CPU = Release|Any CPU
	EndGlobalSection
	GlobalSection(ProjectConfigurationPlatforms) = postSolution
		{652E69B7-EC05-4875-8B16-8992620CCD83}.Debug|Any CPU.ActiveCfg = Debug|Any CPU
		{652E69B7-EC05-4875-8B16-8992620CCD83}.Debug|Any CPU.Build.0 = Debug|Any CPU
		{652E69B7-EC05-4875-8B16-8992620CCD83}.Release|Any CPU.ActiveCfg = Release|Any CPU
		{652E69B7-EC05-4875-8B16-8992620CCD83}.Release|Any CPU.Build.0 = Release|Any CPU
	EndGlobalSection
	GlobalSection(SolutionProperties) = preSolution
		HideSolutionNode = FALSE
	EndGlobalSection
	GlobalSection(ExtensibilityGlobals) = postSolution
		SolutionGuid = {19C65020-41DD-485F-B086-1780E57F68A5}
	EndGlobalSection
EndGlobal
