
Microsoft Visual Studio Solution File, Format Version 12.00
# Visual Studio Version 17
VisualStudioVersion = 17.2.32516.85
MinimumVisualStudioVersion = 10.0.40219.1
Project("{FAE04EC0-301F-11D3-BF4B-00C04F79EFBC}") = "WebAppl_DB_L12_200922", "WebAppl_DB_L12_200922\WebAppl_DB_L12_200922.csproj", "{6133F3A9-E175-472A-A4C7-574DFCFA2C9F}"
EndProject
Global
	GlobalSection(SolutionConfigurationPlatforms) = preSolution
		Debug|Any CPU = Debug|Any CPU
		Release|Any CPU = Release|Any CPU
	EndGlobalSection
	GlobalSection(ProjectConfigurationPlatforms) = postSolution
		{6133F3A9-E175-472A-A4C7-574DFCFA2C9F}.Debug|Any CPU.ActiveCfg = Debug|Any CPU
		{6133F3A9-E175-472A-A4C7-574DFCFA2C9F}.Debug|Any CPU.Build.0 = Debug|Any CPU
		{6133F3A9-E175-472A-A4C7-574DFCFA2C9F}.Release|Any CPU.ActiveCfg = Release|Any CPU
		{6133F3A9-E175-472A-A4C7-574DFCFA2C9F}.Release|Any CPU.Build.0 = Release|Any CPU
	EndGlobalSection
	GlobalSection(SolutionProperties) = preSolution
		HideSolutionNode = FALSE
	EndGlobalSection
	GlobalSection(ExtensibilityGlobals) = postSolution
		SolutionGuid = {8C3770C2-949C-4AAC-A6E8-34EE1AA661BC}
	EndGlobalSection
EndGlobal
